// !$*UTF8*$!
{
	archiveVersion = 1;
	classes = {
	};
	objectVersion = 56;
	objects = {

/* Begin PBXBuildFile section */
		44D800F72A8ED3F600662CEE /* testetstetstApp.swift in Sources */ = {isa = PBXBuildFile; fileRef = 44D800F62A8ED3F600662CEE /* testetstetstApp.swift */; };
		44D800F92A8ED3F600662CEE /* ContentView.swift in Sources */ = {isa = PBXBuildFile; fileRef = 44D800F82A8ED3F600662CEE /* ContentView.swift */; };
		44D800FB2A8ED3F700662CEE /* Assets.xcassets in Resources */ = {isa = PBXBuildFile; fileRef = 44D800FA2A8ED3F700662CEE /* Assets.xcassets */; };
		44D800FF2A8ED3F700662CEE /* Preview Assets.xcassets in Resources */ = {isa = PBXBuildFile; fileRef = 44D800FE2A8ED3F700662CEE /* Preview Assets.xcassets */; };
		44D801092A8ED3F700662CEE /* testetstetstTests.swift in Sources */ = {isa = PBXBuildFile; fileRef = 44D801082A8ED3F700662CEE /* testetstetstTests.swift */; };
		44D801132A8ED3F700662CEE /* testetstetstUITests.swift in Sources */ = {isa = PBXBuildFile; fileRef = 44D801122A8ED3F700662CEE /* testetstetstUITests.swift */; };
		44D801152A8ED3F700662CEE /* testetstetstUITestsLaunchTests.swift in Sources */ = {isa = PBXBuildFile; fileRef = 44D801142A8ED3F700662CEE /* testetstetstUITestsLaunchTests.swift */; };
/* End PBXBuildFile section */

/* Begin PBXContainerItemProxy section */
		44D801052A8ED3F700662CEE /* PBXContainerItemProxy */ = {
			isa = PBXContainerItemProxy;
			containerPortal = 44D800EB2A8ED3F600662CEE /* Project object */;
			proxyType = 1;
			remoteGlobalIDString = 44D800F22A8ED3F600662CEE;
			remoteInfo = testetstetst;
		};
		44D8010F2A8ED3F700662CEE /* PBXContainerItemProxy */ = {
			isa = PBXContainerItemProxy;
			containerPortal = 44D800EB2A8ED3F600662CEE /* Project object */;
			proxyType = 1;
			remoteGlobalIDString = 44D800F22A8ED3F600662CEE;
			remoteInfo = testetstetst;
		};
/* End PBXContainerItemProxy section */

/* Begin PBXFileReference section */
		44D800F32A8ED3F600662CEE /* testetstetst.app */ = {isa = PBXFileReference; explicitFileType = wrapper.application; includeInIndex = 0; path = testetstetst.app; sourceTree = BUILT_PRODUCTS_DIR; };
		44D800F62A8ED3F600662CEE /* testetstetstApp.swift */ = {isa = PBXFileReference; lastKnownFileType = sourcecode.swift; path = testetstetstApp.swift; sourceTree = "<group>"; };
		44D800F82A8ED3F600662CEE /* ContentView.swift */ = {isa = PBXFileReference; lastKnownFileType = sourcecode.swift; path = ContentView.swift; sourceTree = "<group>"; };
		44D800FA2A8ED3F700662CEE /* Assets.xcassets */ = {isa = PBXFileReference; lastKnownFileType = folder.assetcatalog; path = Assets.xcassets; sourceTree = "<group>"; };
		44D800FC2A8ED3F700662CEE /* testetstetst.entitlements */ = {isa = PBXFileReference; lastKnownFileType = text.plist.entitlements; path = testetstetst.entitlements; sourceTree = "<group>"; };
		44D800FE2A8ED3F700662CEE /* Preview Assets.xcassets */ = {isa = PBXFileReference; lastKnownFileType = folder.assetcatalog; path = "Preview Assets.xcassets"; sourceTree = "<group>"; };
		44D801042A8ED3F700662CEE /* testetstetstTests.xctest */ = {isa = PBXFileReference; explicitFileType = wrapper.cfbundle; includeInIndex = 0; path = testetstetstTests.xctest; sourceTree = BUILT_PRODUCTS_DIR; };
		44D801082A8ED3F700662CEE /* testetstetstTests.swift */ = {isa = PBXFileReference; lastKnownFileType = sourcecode.swift; path = testetstetstTests.swift; sourceTree = "<group>"; };
		44D8010E2A8ED3F700662CEE /* testetstetstUITests.xctest */ = {isa = PBXFileReference; explicitFileType = wrapper.cfbundle; includeInIndex = 0; path = testetstetstUITests.xctest; sourceTree = BUILT_PRODUCTS_DIR; };
		44D801122A8ED3F700662CEE /* testetstetstUITests.swift */ = {isa = PBXFileReference; lastKnownFileType = sourcecode.swift; path = testetstetstUITests.swift; sourceTree = "<group>"; };
		44D801142A8ED3F700662CEE /* testetstetstUITestsLaunchTests.swift */ = {isa = PBXFileReference; lastKnownFileType = sourcecode.swift; path = testetstetstUITestsLaunchTests.swift; sourceTree = "<group>"; };
/* End PBXFileReference section */

/* Begin PBXFrameworksBuildPhase section */
		44D800F02A8ED3F600662CEE /* Frameworks */ = {
			isa = PBXFrameworksBuildPhase;
			buildActionMask = 2147483647;
			files = (
			);
			runOnlyForDeploymentPostprocessing = 0;
		};
		44D801012A8ED3F700662CEE /* Frameworks */ = {
			isa = PBXFrameworksBuildPhase;
			buildActionMask = 2147483647;
			files = (
			);
			runOnlyForDeploymentPostprocessing = 0;
		};
		44D8010B2A8ED3F700662CEE /* Frameworks */ = {
			isa = PBXFrameworksBuildPhase;
			buildActionMask = 2147483647;
			files = (
			);
			runOnlyForDeploymentPostprocessing = 0;
		};
/* End PBXFrameworksBuildPhase section */

/* Begin PBXGroup section */
		44D800EA2A8ED3F600662CEE = {
			isa = PBXGroup;
			children = (
				44D800F52A8ED3F600662CEE /* testetstetst */,
				44D801072A8ED3F700662CEE /* testetstetstTests */,
				44D801112A8ED3F700662CEE /* testetstetstUITests */,
				44D800F42A8ED3F600662CEE /* Products */,
			);
			sourceTree = "<group>";
		};
		44D800F42A8ED3F600662CEE /* Products */ = {
			isa = PBXGroup;
			children = (
				44D800F32A8ED3F600662CEE /* testetstetst.app */,
				44D801042A8ED3F700662CEE /* testetstetstTests.xctest */,
				44D8010E2A8ED3F700662CEE /* testetstetstUITests.xctest */,
			);
			name = Products;
			sourceTree = "<group>";
		};
		44D800F52A8ED3F600662CEE /* testetstetst */ = {
			isa = PBXGroup;
			children = (
				44D800F62A8ED3F600662CEE /* testetstetstApp.swift */,
				44D800F82A8ED3F600662CEE /* ContentView.swift */,
				44D800FA2A8ED3F700662CEE /* Assets.xcassets */,
				44D800FC2A8ED3F700662CEE /* testetstetst.entitlements */,
				44D800FD2A8ED3F700662CEE /* Preview Content */,
			);
			path = testetstetst;
			sourceTree = "<group>";
		};
		44D800FD2A8ED3F700662CEE /* Preview Content */ = {
			isa = PBXGroup;
			children = (
				44D800FE2A8ED3F700662CEE /* Preview Assets.xcassets */,
			);
			path = "Preview Content";
			sourceTree = "<group>";
		};
		44D801072A8ED3F700662CEE /* testetstetstTests */ = {
			isa = PBXGroup;
			children = (
				44D801082A8ED3F700662CEE /* testetstetstTests.swift */,
			);
			path = testetstetstTests;
			sourceTree = "<group>";
		};
		44D801112A8ED3F700662CEE /* testetstetstUITests */ = {
			isa = PBXGroup;
			children = (
				44D801122A8ED3F700662CEE /* testetstetstUITests.swift */,
				44D801142A8ED3F700662CEE /* testetstetstUITestsLaunchTests.swift */,
			);
			path = testetstetstUITests;
			sourceTree = "<group>";
		};
/* End PBXGroup section */

/* Begin PBXNativeTarget section */
		44D800F22A8ED3F600662CEE /* testetstetst */ = {
			isa = PBXNativeTarget;
			buildConfigurationList = 44D801182A8ED3F700662CEE /* Build configuration list for PBXNativeTarget "testetstetst" */;
			buildPhases = (
				44D800EF2A8ED3F600662CEE /* Sources */,
				44D800F02A8ED3F600662CEE /* Frameworks */,
				44D800F12A8ED3F600662CEE /* Resources */,
			);
			buildRules = (
			);
			dependencies = (
			);
			name = testetstetst;
			productName = testetstetst;
			productReference = 44D800F32A8ED3F600662CEE /* testetstetst.app */;
			productType = "com.apple.product-type.application";
		};
		44D801032A8ED3F700662CEE /* testetstetstTests */ = {
			isa = PBXNativeTarget;
			buildConfigurationList = 44D8011B2A8ED3F700662CEE /* Build configuration list for PBXNativeTarget "testetstetstTests" */;
			buildPhases = (
				44D801002A8ED3F700662CEE /* Sources */,
				44D801012A8ED3F700662CEE /* Frameworks */,
				44D801022A8ED3F700662CEE /* Resources */,
			);
			buildRules = (
			);
			dependencies = (
				44D801062A8ED3F700662CEE /* PBXTargetDependency */,
			);
			name = testetstetstTests;
			productName = testetstetstTests;
			productReference = 44D801042A8ED3F700662CEE /* testetstetstTests.xctest */;
			productType = "com.apple.product-type.bundle.unit-test";
		};
		44D8010D2A8ED3F700662CEE /* testetstetstUITests */ = {
			isa = PBXNativeTarget;
			buildConfigurationList = 44D8011E2A8ED3F700662CEE /* Build configuration list for PBXNativeTarget "testetstetstUITests" */;
			buildPhases = (
				44D8010A2A8ED3F700662CEE /* Sources */,
				44D8010B2A8ED3F700662CEE /* Frameworks */,
				44D8010C2A8ED3F700662CEE /* Resources */,
			);
			buildRules = (
			);
			dependencies = (
				44D801102A8ED3F700662CEE /* PBXTargetDependency */,
			);
			name = testetstetstUITests;
			productName = testetstetstUITests;
			productReference = 44D8010E2A8ED3F700662CEE /* testetstetstUITests.xctest */;
			productType = "com.apple.product-type.bundle.ui-testing";
		};
/* End PBXNativeTarget section */

/* Begin PBXProject section */
		44D800EB2A8ED3F600662CEE /* Project object */ = {
			isa = PBXProject;
			attributes = {
				BuildIndependentTargetsInParallel = 1;
				LastSwiftUpdateCheck = 1430;
				LastUpgradeCheck = 1430;
				TargetAttributes = {
					44D800F22A8ED3F600662CEE = {
						CreatedOnToolsVersion = 14.3.1;
					};
					44D801032A8ED3F700662CEE = {
						CreatedOnToolsVersion = 14.3.1;
						TestTargetID = 44D800F22A8ED3F600662CEE;
					};
					44D8010D2A8ED3F700662CEE = {
						CreatedOnToolsVersion = 14.3.1;
						TestTargetID = 44D800F22A8ED3F600662CEE;
					};
				};
			};
			buildConfigurationList = 44D800EE2A8ED3F600662CEE /* Build configuration list for PBXProject "testetstetst" */;
			compatibilityVersion = "Xcode 14.0";
			developmentRegion = en;
			hasScannedForEncodings = 0;
			knownRegions = (
				en,
				Base,
			);
			mainGroup = 44D800EA2A8ED3F600662CEE;
			productRefGroup = 44D800F42A8ED3F600662CEE /* Products */;
			projectDirPath = "";
			projectRoot = "";
			targets = (
				44D800F22A8ED3F600662CEE /* testetstetst */,
				44D801032A8ED3F700662CEE /* testetstetstTests */,
				44D8010D2A8ED3F700662CEE /* testetstetstUITests */,
			);
		};
/* End PBXProject section */

/* Begin PBXResourcesBuildPhase section */
		44D800F12A8ED3F600662CEE /* Resources */ = {
			isa = PBXResourcesBuildPhase;
			buildActionMask = 2147483647;
			files = (
				44D800FF2A8ED3F700662CEE /* Preview Assets.xcassets in Resources */,
				44D800FB2A8ED3F700662CEE /* Assets.xcassets in Resources */,
			);
			runOnlyForDeploymentPostprocessing = 0;
		};
		44D801022A8ED3F700662CEE /* Resources */ = {
			isa = PBXResourcesBuildPhase;
			buildActionMask = 2147483647;
			files = (
			);
			runOnlyForDeploymentPostprocessing = 0;
		};
		44D8010C2A8ED3F700662CEE /* Resources */ = {
			isa = PBXResourcesBuildPhase;
			buildActionMask = 2147483647;
			files = (
			);
			runOnlyForDeploymentPostprocessing = 0;
		};
/* End PBXResourcesBuildPhase section */

/* Begin PBXSourcesBuildPhase section */
		44D800EF2A8ED3F600662CEE /* Sources */ = {
			isa = PBXSourcesBuildPhase;
			buildActionMask = 2147483647;
			files = (
				44D800F92A8ED3F600662CEE /* ContentView.swift in Sources */,
				44D800F72A8ED3F600662CEE /* testetstetstApp.swift in Sources */,
			);
			runOnlyForDeploymentPostprocessing = 0;
		};
		44D801002A8ED3F700662CEE /* Sources */ = {
			isa = PBXSourcesBuildPhase;
			buildActionMask = 2147483647;
			files = (
				44D801092A8ED3F700662CEE /* testetstetstTests.swift in Sources */,
			);
			runOnlyForDeploymentPostprocessing = 0;
		};
		44D8010A2A8ED3F700662CEE /* Sources */ = {
			isa = PBXSourcesBuildPhase;
			buildActionMask = 2147483647;
			files = (
				44D801152A8ED3F700662CEE /* testetstetstUITestsLaunchTests.swift in Sources */,
				44D801132A8ED3F700662CEE /* testetstetstUITests.swift in Sources */,
			);
			runOnlyForDeploymentPostprocessing = 0;
		};
/* End PBXSourcesBuildPhase section */

/* Begin PBXTargetDependency section */
		44D801062A8ED3F700662CEE /* PBXTargetDependency */ = {
			isa = PBXTargetDependency;
			target = 44D800F22A8ED3F600662CEE /* testetstetst */;
			targetProxy = 44D801052A8ED3F700662CEE /* PBXContainerItemProxy */;
		};
		44D801102A8ED3F700662CEE /* PBXTargetDependency */ = {
			isa = PBXTargetDependency;
			target = 44D800F22A8ED3F600662CEE /* testetstetst */;
			targetProxy = 44D8010F2A8ED3F700662CEE /* PBXContainerItemProxy */;
		};
/* End PBXTargetDependency section */

/* Begin XCBuildConfiguration section */
		44D801162A8ED3F700662CEE /* Debug */ = {
			isa = XCBuildConfiguration;
			buildSettings = {
				ALWAYS_SEARCH_USER_PATHS = NO;
				CLANG_ANALYZER_NONNULL = YES;
				CLANG_ANALYZER_NUMBER_OBJECT_CONVERSION = YES_AGGRESSIVE;
				CLANG_CXX_LANGUAGE_STANDARD = "gnu++20";
				CLANG_ENABLE_MODULES = YES;
				CLANG_ENABLE_OBJC_ARC = YES;
				CLANG_ENABLE_OBJC_WEAK = YES;
				CLANG_WARN_BLOCK_CAPTURE_AUTORELEASING = YES;
				CLANG_WARN_BOOL_CONVERSION = YES;
				CLANG_WARN_COMMA = YES;
				CLANG_WARN_CONSTANT_CONVERSION = YES;
				CLANG_WARN_DEPRECATED_OBJC_IMPLEMENTATIONS = YES;
				CLANG_WARN_DIRECT_OBJC_ISA_USAGE = YES_ERROR;
				CLANG_WARN_DOCUMENTATION_COMMENTS = YES;
				CLANG_WARN_EMPTY_BODY = YES;
				CLANG_WARN_ENUM_CONVERSION = YES;
				CLANG_WARN_INFINITE_RECURSION = YES;
				CLANG_WARN_INT_CONVERSION = YES;
				CLANG_WARN_NON_LITERAL_NULL_CONVERSION = YES;
				CLANG_WARN_OBJC_IMPLICIT_RETAIN_SELF = YES;
				CLANG_WARN_OBJC_LITERAL_CONVERSION = YES;
				CLANG_WARN_OBJC_ROOT_CLASS = YES_ERROR;
				CLANG_WARN_QUOTED_INCLUDE_IN_FRAMEWORK_HEADER = YES;
				CLANG_WARN_RANGE_LOOP_ANALYSIS = YES;
				CLANG_WARN_STRICT_PROTOTYPES = YES;
				CLANG_WARN_SUSPICIOUS_MOVE = YES;
				CLANG_WARN_UNGUARDED_AVAILABILITY = YES_AGGRESSIVE;
				CLANG_WARN_UNREACHABLE_CODE = YES;
				CLANG_WARN__DUPLICATE_METHOD_MATCH = YES;
				COPY_PHASE_STRIP = NO;
				DEBUG_INFORMATION_FORMAT = dwarf;
				ENABLE_STRICT_OBJC_MSGSEND = YES;
				ENABLE_TESTABILITY = YES;
				GCC_C_LANGUAGE_STANDARD = gnu11;
				GCC_DYNAMIC_NO_PIC = NO;
				GCC_NO_COMMON_BLOCKS = YES;
				GCC_OPTIMIZATION_LEVEL = 0;
				GCC_PREPROCESSOR_DEFINITIONS = (
					"DEBUG=1",
					"$(inherited)",
				);
				GCC_WARN_64_TO_32_BIT_CONVERSION = YES;
				GCC_WARN_ABOUT_RETURN_TYPE = YES_ERROR;
				GCC_WARN_UNDECLARED_SELECTOR = YES;
				GCC_WARN_UNINITIALIZED_AUTOS = YES_AGGRESSIVE;
				GCC_WARN_UNUSED_FUNCTION = YES;
				GCC_WARN_UNUSED_VARIABLE = YES;
				MTL_ENABLE_DEBUG_INFO = INCLUDE_SOURCE;
				MTL_FAST_MATH = YES;
				ONLY_ACTIVE_ARCH = YES;
				SWIFT_ACTIVE_COMPILATION_CONDITIONS = DEBUG;
				SWIFT_OPTIMIZATION_LEVEL = "-Onone";
			};
			name = Debug;
		};
		44D801172A8ED3F700662CEE /* Release */ = {
			isa = XCBuildConfiguration;
			buildSettings = {
				ALWAYS_SEARCH_USER_PATHS = NO;
				CLANG_ANALYZER_NONNULL = YES;
				CLANG_ANALYZER_NUMBER_OBJECT_CONVERSION = YES_AGGRESSIVE;
				CLANG_CXX_LANGUAGE_STANDARD = "gnu++20";
				CLANG_ENABLE_MODULES = YES;
				CLANG_ENABLE_OBJC_ARC = YES;
				CLANG_ENABLE_OBJC_WEAK = YES;
				CLANG_WARN_BLOCK_CAPTURE_AUTORELEASING = YES;
				CLANG_WARN_BOOL_CONVERSION = YES;
				CLANG_WARN_COMMA = YES;
				CLANG_WARN_CONSTANT_CONVERSION = YES;
				CLANG_WARN_DEPRECATED_OBJC_IMPLEMENTATIONS = YES;
				CLANG_WARN_DIRECT_OBJC_ISA_USAGE = YES_ERROR;
				CLANG_WARN_DOCUMENTATION_COMMENTS = YES;
				CLANG_WARN_EMPTY_BODY = YES;
				CLANG_WARN_ENUM_CONVERSION = YES;
				CLANG_WARN_INFINITE_RECURSION = YES;
				CLANG_WARN_INT_CONVERSION = YES;
				CLANG_WARN_NON_LITERAL_NULL_CONVERSION = YES;
				CLANG_WARN_OBJC_IMPLICIT_RETAIN_SELF = YES;
				CLANG_WARN_OBJC_LITERAL_CONVERSION = YES;
				CLANG_WARN_OBJC_ROOT_CLASS = YES_ERROR;
				CLANG_WARN_QUOTED_INCLUDE_IN_FRAMEWORK_HEADER = YES;
				CLANG_WARN_RANGE_LOOP_ANALYSIS = YES;
				CLANG_WARN_STRICT_PROTOTYPES = YES;
				CLANG_WARN_SUSPICIOUS_MOVE = YES;
				CLANG_WARN_UNGUARDED_AVAILABILITY = YES_AGGRESSIVE;
				CLANG_WARN_UNREACHABLE_CODE = YES;
				CLANG_WARN__DUPLICATE_METHOD_MATCH = YES;
				COPY_PHASE_STRIP = NO;
				DEBUG_INFORMATION_FORMAT = "dwarf-with-dsym";
				ENABLE_NS_ASSERTIONS = NO;
				ENABLE_STRICT_OBJC_MSGSEND = YES;
				GCC_C_LANGUAGE_STANDARD = gnu11;
				GCC_NO_COMMON_BLOCKS = YES;
				GCC_WARN_64_TO_32_BIT_CONVERSION = YES;
				GCC_WARN_ABOUT_RETURN_TYPE = YES_ERROR;
				GCC_WARN_UNDECLARED_SELECTOR = YES;
				GCC_WARN_UNINITIALIZED_AUTOS = YES_AGGRESSIVE;
				GCC_WARN_UNUSED_FUNCTION = YES;
				GCC_WARN_UNUSED_VARIABLE = YES;
				MTL_ENABLE_DEBUG_INFO = NO;
				MTL_FAST_MATH = YES;
				SWIFT_COMPILATION_MODE = wholemodule;
				SWIFT_OPTIMIZATION_LEVEL = "-O";
			};
			name = Release;
		};
		44D801192A8ED3F700662CEE /* Debug */ = {
			isa = XCBuildConfiguration;
			buildSettings = {
				ASSETCATALOG_COMPILER_APPICON_NAME = AppIcon;
				ASSETCATALOG_COMPILER_GLOBAL_ACCENT_COLOR_NAME = AccentColor;
				CODE_SIGN_ENTITLEMENTS = testetstetst/testetstetst.entitlements;
				CODE_SIGN_STYLE = Automatic;
				CURRENT_PROJECT_VERSION = 1;
				DEVELOPMENT_ASSET_PATHS = "\"testetstetst/Preview Content\"";
				DEVELOPMENT_TEAM = J5FM626PE2;
				ENABLE_HARDENED_RUNTIME = YES;
				ENABLE_PREVIEWS = YES;
				GENERATE_INFOPLIST_FILE = YES;
				"INFOPLIST_KEY_UIApplicationSceneManifest_Generation[sdk=iphoneos*]" = YES;
				"INFOPLIST_KEY_UIApplicationSceneManifest_Generation[sdk=iphonesimulator*]" = YES;
				"INFOPLIST_KEY_UIApplicationSupportsIndirectInputEvents[sdk=iphoneos*]" = YES;
				"INFOPLIST_KEY_UIApplicationSupportsIndirectInputEvents[sdk=iphonesimulator*]" = YES;
				"INFOPLIST_KEY_UILaunchScreen_Generation[sdk=iphoneos*]" = YES;
				"INFOPLIST_KEY_UILaunchScreen_Generation[sdk=iphonesimulator*]" = YES;
				"INFOPLIST_KEY_UIStatusBarStyle[sdk=iphoneos*]" = UIStatusBarStyleDefault;
				"INFOPLIST_KEY_UIStatusBarStyle[sdk=iphonesimulator*]" = UIStatusBarStyleDefault;
				INFOPLIST_KEY_UISupportedInterfaceOrientations_iPad = "UIInterfaceOrientationPortrait UIInterfaceOrientationPortraitUpsideDown UIInterfaceOrientationLandscapeLeft UIInterfaceOrientationLandscapeRight";
				INFOPLIST_KEY_UISupportedInterfaceOrientations_iPhone = "UIInterfaceOrientationPortrait UIInterfaceOrientationLandscapeLeft UIInterfaceOrientationLandscapeRight";
				IPHONEOS_DEPLOYMENT_TARGET = 16.4;
				LD_RUNPATH_SEARCH_PATHS = "@executable_path/Frameworks";
				"LD_RUNPATH_SEARCH_PATHS[sdk=macosx*]" = "@executable_path/../Frameworks";
				MACOSX_DEPLOYMENT_TARGET = 13.3;
				MARKETING_VERSION = 1.0;
				PRODUCT_BUNDLE_IDENTIFIER = com.jellyfish.testetstetst;
				PRODUCT_NAME = "$(TARGET_NAME)";
				SDKROOT = auto;
				SUPPORTED_PLATFORMS = "iphoneos iphonesimulator macosx";
				SWIFT_EMIT_LOC_STRINGS = YES;
				SWIFT_VERSION = 5.0;
				TARGETED_DEVICE_FAMILY = "1,2";
			};
			name = Debug;
		};
		44D8011A2A8ED3F700662CEE /* Release */ = {
			isa = XCBuildConfiguration;
			buildSettings = {
				ASSETCATALOG_COMPILER_APPICON_NAME = AppIcon;
				ASSETCATALOG_COMPILER_GLOBAL_ACCENT_COLOR_NAME = AccentColor;
				CODE_SIGN_ENTITLEMENTS = testetstetst/testetstetst.entitlements;
				CODE_SIGN_STYLE = Automatic;
				CURRENT_PROJECT_VERSION = 1;
				DEVELOPMENT_ASSET_PATHS = "\"testetstetst/Preview Content\"";
				DEVELOPMENT_TEAM = J5FM626PE2;
				ENABLE_HARDENED_RUNTIME = YES;
				ENABLE_PREVIEWS = YES;
				GENERATE_INFOPLIST_FILE = YES;
				"INFOPLIST_KEY_UIApplicationSceneManifest_Generation[sdk=iphoneos*]" = YES;
				"INFOPLIST_KEY_UIApplicationSceneManifest_Generation[sdk=iphonesimulator*]" = YES;
				"INFOPLIST_KEY_UIApplicationSupportsIndirectInputEvents[sdk=iphoneos*]" = YES;
				"INFOPLIST_KEY_UIApplicationSupportsIndirectInputEvents[sdk=iphonesimulator*]" = YES;
				"INFOPLIST_KEY_UILaunchScreen_Generation[sdk=iphoneos*]" = YES;
				"INFOPLIST_KEY_UILaunchScreen_Generation[sdk=iphonesimulator*]" = YES;
				"INFOPLIST_KEY_UIStatusBarStyle[sdk=iphoneos*]" = UIStatusBarStyleDefault;
				"INFOPLIST_KEY_UIStatusBarStyle[sdk=iphonesimulator*]" = UIStatusBarStyleDefault;
				INFOPLIST_KEY_UISupportedInterfaceOrientations_iPad = "UIInterfaceOrientationPortrait UIInterfaceOrientationPortraitUpsideDown UIInterfaceOrientationLandscapeLeft UIInterfaceOrientationLandscapeRight";
				INFOPLIST_KEY_UISupportedInterfaceOrientations_iPhone = "UIInterfaceOrientationPortrait UIInterfaceOrientationLandscapeLeft UIInterfaceOrientationLandscapeRight";
				IPHONEOS_DEPLOYMENT_TARGET = 16.4;
				LD_RUNPATH_SEARCH_PATHS = "@executable_path/Frameworks";
				"LD_RUNPATH_SEARCH_PATHS[sdk=macosx*]" = "@executable_path/../Frameworks";
				MACOSX_DEPLOYMENT_TARGET = 13.3;
				MARKETING_VERSION = 1.0;
				PRODUCT_BUNDLE_IDENTIFIER = com.jellyfish.testetstetst;
				PRODUCT_NAME = "$(TARGET_NAME)";
				SDKROOT = auto;
				SUPPORTED_PLATFORMS = "iphoneos iphonesimulator macosx";
				SWIFT_EMIT_LOC_STRINGS = YES;
				SWIFT_VERSION = 5.0;
				TARGETED_DEVICE_FAMILY = "1,2";
			};
			name = Release;
		};
		44D8011C2A8ED3F700662CEE /* Debug */ = {
			isa = XCBuildConfiguration;
			buildSettings = {
				ALWAYS_EMBED_SWIFT_STANDARD_LIBRARIES = YES;
				BUNDLE_LOADER = "$(TEST_HOST)";
				CODE_SIGN_STYLE = Automatic;
				CURRENT_PROJECT_VERSION = 1;
				DEVELOPMENT_TEAM = J5FM626PE2;
				GENERATE_INFOPLIST_FILE = YES;
				IPHONEOS_DEPLOYMENT_TARGET = 16.4;
				MACOSX_DEPLOYMENT_TARGET = 13.3;
				MARKETING_VERSION = 1.0;
				PRODUCT_BUNDLE_IDENTIFIER = com.jellyfish.testetstetstTests;
				PRODUCT_NAME = "$(TARGET_NAME)";
				SDKROOT = auto;
				SUPPORTED_PLATFORMS = "iphoneos iphonesimulator macosx";
				SWIFT_EMIT_LOC_STRINGS = NO;
				SWIFT_VERSION = 5.0;
				TARGETED_DEVICE_FAMILY = "1,2";
				TEST_HOST = "$(BUILT_PRODUCTS_DIR)/testetstetst.app/$(BUNDLE_EXECUTABLE_FOLDER_PATH)/testetstetst";
			};
			name = Debug;
		};
		44D8011D2A8ED3F700662CEE /* Release */ = {
			isa = XCBuildConfiguration;
			buildSettings = {
				ALWAYS_EMBED_SWIFT_STANDARD_LIBRARIES = YES;
				BUNDLE_LOADER = "$(TEST_HOST)";
				CODE_SIGN_STYLE = Automatic;
				CURRENT_PROJECT_VERSION = 1;
				DEVELOPMENT_TEAM = J5FM626PE2;
				GENERATE_INFOPLIST_FILE = YES;
				IPHONEOS_DEPLOYMENT_TARGET = 16.4;
				MACOSX_DEPLOYMENT_TARGET = 13.3;
				MARKETING_VERSION = 1.0;
				PRODUCT_BUNDLE_IDENTIFIER = com.jellyfish.testetstetstTests;
				PRODUCT_NAME = "$(TARGET_NAME)";
				SDKROOT = auto;
				SUPPORTED_PLATFORMS = "iphoneos iphonesimulator macosx";
				SWIFT_EMIT_LOC_STRINGS = NO;
				SWIFT_VERSION = 5.0;
				TARGETED_DEVICE_FAMILY = "1,2";
				TEST_HOST = "$(BUILT_PRODUCTS_DIR)/testetstetst.app/$(BUNDLE_EXECUTABLE_FOLDER_PATH)/testetstetst";
			};
			name = Release;
		};
		44D8011F2A8ED3F700662CEE /* Debug */ = {
			isa = XCBuildConfiguration;
			buildSettings = {
				ALWAYS_EMBED_SWIFT_STANDARD_LIBRARIES = YES;
				CODE_SIGN_STYLE = Automatic;
				CURRENT_PROJECT_VERSION = 1;
				DEVELOPMENT_TEAM = J5FM626PE2;
				GENERATE_INFOPLIST_FILE = YES;
				IPHONEOS_DEPLOYMENT_TARGET = 16.4;
				MACOSX_DEPLOYMENT_TARGET = 13.3;
				MARKETING_VERSION = 1.0;
				PRODUCT_BUNDLE_IDENTIFIER = com.jellyfish.testetstetstUITests;
				PRODUCT_NAME = "$(TARGET_NAME)";
				SDKROOT = auto;
				SUPPORTED_PLATFORMS = "iphoneos iphonesimulator macosx";
				SWIFT_EMIT_LOC_STRINGS = NO;
				SWIFT_VERSION = 5.0;
				TARGETED_DEVICE_FAMILY = "1,2";
				TEST_TARGET_NAME = testetstetst;
			};
			name = Debug;
		};
		44D801202A8ED3F700662CEE /* Release */ = {
			isa = XCBuildConfiguration;
			buildSettings = {
				ALWAYS_EMBED_SWIFT_STANDARD_LIBRARIES = YES;
				CODE_SIGN_STYLE = Automatic;
				CURRENT_PROJECT_VERSION = 1;
				DEVELOPMENT_TEAM = J5FM626PE2;
				GENERATE_INFOPLIST_FILE = YES;
				IPHONEOS_DEPLOYMENT_TARGET = 16.4;
				MACOSX_DEPLOYMENT_TARGET = 13.3;
				MARKETING_VERSION = 1.0;
				PRODUCT_BUNDLE_IDENTIFIER = com.jellyfish.testetstetstUITests;
				PRODUCT_NAME = "$(TARGET_NAME)";
				SDKROOT = auto;
				SUPPORTED_PLATFORMS = "iphoneos iphonesimulator macosx";
				SWIFT_EMIT_LOC_STRINGS = NO;
				SWIFT_VERSION = 5.0;
				TARGETED_DEVICE_FAMILY = "1,2";
				TEST_TARGET_NAME = testetstetst;
			};
			name = Release;
		};
/* End XCBuildConfiguration section */

/* Begin XCConfigurationList section */
		44D800EE2A8ED3F600662CEE /* Build configuration list for PBXProject "testetstetst" */ = {
			isa = XCConfigurationList;
			buildConfigurations = (
				44D801162A8ED3F700662CEE /* Debug */,
				44D801172A8ED3F700662CEE /* Release */,
			);
			defaultConfigurationIsVisible = 0;
			defaultConfigurationName = Release;
		};
		44D801182A8ED3F700662CEE /* Build configuration list for PBXNativeTarget "testetstetst" */ = {
			isa = XCConfigurationList;
			buildConfigurations = (
				44D801192A8ED3F700662CEE /* Debug */,
				44D8011A2A8ED3F700662CEE /* Release */,
			);
			defaultConfigurationIsVisible = 0;
			defaultConfigurationName = Release;
		};
		44D8011B2A8ED3F700662CEE /* Build configuration list for PBXNativeTarget "testetstetstTests" */ = {
			isa = XCConfigurationList;
			buildConfigurations = (
				44D8011C2A8ED3F700662CEE /* Debug */,
				44D8011D2A8ED3F700662CEE /* Release */,
			);
			defaultConfigurationIsVisible = 0;
			defaultConfigurationName = Release;
		};
		44D8011E2A8ED3F700662CEE /* Build configuration list for PBXNativeTarget "testetstetstUITests" */ = {
			isa = XCConfigurationList;
			buildConfigurations = (
				44D8011F2A8ED3F700662CEE /* Debug */,
				44D801202A8ED3F700662CEE /* Release */,
			);
			defaultConfigurationIsVisible = 0;
			defaultConfigurationName = Release;
		};
/* End XCConfigurationList section */
	};
	rootObject = 44D800EB2A8ED3F600662CEE /* Project object */;
}
